
Microsoft Visual Studio Solution File, Format Version 12.00
# Visual Studio Version 16
VisualStudioVersion = 16.0.29324.140
MinimumVisualStudioVersion = 10.0.40219.1
Project("{888888A0-9F3D-457C-B088-3A5042F75D52}") = "Sort1", "Sort1\Sort1.pyproj", "{40ED415E-78EA-4765-9FCB-A5B7CA42D46B}"
EndProject
Global
	GlobalSection(SolutionConfigurationPlatforms) = preSolution
		Debug|Any CPU = Debug|Any CPU
		Release|Any CPU = Release|Any CPU
	EndGlobalSection
	GlobalSection(ProjectConfigurationPlatforms) = postSolution
		{40ED415E-78EA-4765-9FCB-A5B7CA42D46B}.Debug|Any CPU.ActiveCfg = Debug|Any CPU
		{40ED415E-78EA-4765-9FCB-A5B7CA42D46B}.Release|Any CPU.ActiveCfg = Release|Any CPU
	EndGlobalSection
	GlobalSection(SolutionProperties) = preSolution
		HideSolutionNode = FALSE
	EndGlobalSection
	GlobalSection(ExtensibilityGlobals) = postSolution
		SolutionGuid = {3AE3677D-77F7-4D83-BFD3-D6A06A8203A3}
	EndGlobalSection
EndGlobal
